
Microsoft Visual Studio Solution File, Format Version 12.00
# Visual Studio Version 17
VisualStudioVersion = 17.3.32929.385
MinimumVisualStudioVersion = 10.0.40219.1
Project("{FAE04EC0-301F-11D3-BF4B-00C04F79EFBC}") = "ChatAppProject", "ChatAppProject\ChatAppProject.csproj", "{113CADF1-EAB9-4649-974F-997A105F4CAC}"
EndProject
Global
	GlobalSection(SolutionConfigurationPlatforms) = preSolution
		Debug|Any CPU = Debug|Any CPU
		Release|Any CPU = Release|Any CPU
	EndGlobalSection
	GlobalSection(ProjectConfigurationPlatforms) = postSolution
		{113CADF1-EAB9-4649-974F-997A105F4CAC}.Debug|Any CPU.ActiveCfg = Debug|Any CPU
		{113CADF1-EAB9-4649-974F-997A105F4CAC}.Debug|Any CPU.Build.0 = Debug|Any CPU
		{113CADF1-EAB9-4649-974F-997A105F4CAC}.Release|Any CPU.ActiveCfg = Release|Any CPU
		{113CADF1-EAB9-4649-974F-997A105F4CAC}.Release|Any CPU.Build.0 = Release|Any CPU
	EndGlobalSection
	GlobalSection(SolutionProperties) = preSolution
		HideSolutionNode = FALSE
	EndGlobalSection
	GlobalSection(ExtensibilityGlobals) = postSolution
		SolutionGuid = {62201C6B-192F-4091-BDD5-C5A0F7565E88}
	EndGlobalSection
EndGlobal
